
Microsoft Visual Studio Solution File, Format Version 12.00
# Visual Studio Version 17
VisualStudioVersion = 17.2.32616.157
MinimumVisualStudioVersion = 10.0.40219.1
Project("{9A19103F-16F7-4668-BE54-9A1E7A4F7556}") = "memrise_net5", "memrise_net5.csproj", "{4406BDC0-42C0-4866-B4CD-A537F1DB3A5F}"
EndProject
Global
	GlobalSection(SolutionConfigurationPlatforms) = preSolution
		Debug|Any CPU = Debug|Any CPU
		Release|Any CPU = Release|Any CPU
	EndGlobalSection
	GlobalSection(ProjectConfigurationPlatforms) = postSolution
		{4406BDC0-42C0-4866-B4CD-A537F1DB3A5F}.Debug|Any CPU.ActiveCfg = Debug|Any CPU
		{4406BDC0-42C0-4866-B4CD-A537F1DB3A5F}.Debug|Any CPU.Build.0 = Debug|Any CPU
		{4406BDC0-42C0-4866-B4CD-A537F1DB3A5F}.Release|Any CPU.ActiveCfg = Release|Any CPU
		{4406BDC0-42C0-4866-B4CD-A537F1DB3A5F}.Release|Any CPU.Build.0 = Release|Any CPU
	EndGlobalSection
	GlobalSection(SolutionProperties) = preSolution
		HideSolutionNode = FALSE
	EndGlobalSection
	GlobalSection(ExtensibilityGlobals) = postSolution
		SolutionGuid = {37D600CD-F3EF-481E-8197-7D938D5EF092}
	EndGlobalSection
EndGlobal
